github.com/AgentCoop/go-work v0.0.1 h1:l5F760W56HB1JOBTgP9EtSiG7uJzQgxTtD0fTPNJTOg=
github.com/AgentCoop/go-work v0.0.1/go.mod h1:isypi+prFXy84/Uo5B6CqtLJ0LBkAr1/85aPjPC+J7U=
github.com/AgentCoop/net-dataframe v0.0.1 h1:XwdiIBu9IEeXngjIvYPZC/yt3GPL5ivdC6PiLjeWeYs=
github.com/AgentCoop/net-dataframe v0.0.1/go.mod h1:bzlDDIsHJkwZQ8uJYYyDdN9np6qOOekjney/9uhXNT8=
github.com/AgentCoop/net-manager v0.0.0-20210114144114-c04e8b885085 h1:g0wMJyCRAGXsG+IhDSWyEMYnPaj5Q3A9YgMy0XnywJs=
github.com/AgentCoop/net-manager v0.0.0-20210114144114-c04e8b885085/go.mod h1:OvdatEWL36Ly1vViBsGUUtRqUvTgKcx8YoANlF5qpEg=
github.com/google/go-cmp v0.5.4 h1:L8R9j+yAqZuZjsqh/z+F1NCffTKKLShY6zXTItVIZ8M=
github.com/google/go-cmp v0.5.4/go.mod h1:v8dTdLbMG2kIc/vJvl+f65V22dbkXbowE6jgT/gNBxE=
github.com/jessevdk/go-flags v1.4.0 h1:4IU2WS7AumrZ/40jfhf4QVDMsQwqA7VEHozFRrGARJA=
github.com/jessevdk/go-flags v1.4.0/go.mod h1:4FA24M0QyGHXBuZZK/XkWh8h0e1EYbRYJSGM75WSRxI=
github.com/nfnt/resize v0.0.0-20180221191011-83c6a9932646 h1:zYyBkD/k9seD2A7fsi6Oo2LfFZAehjjQMERAvZLEDnQ=
github.com/nfnt/resize v0.0.0-20180221191011-83c6a9932646/go.mod h1:jpp1/29i3P1S/RLdc7JQKbRpFeM1dOBd8T9ki5s+AY8=
golang.org/x/xerrors v0.0.0-20191204190536-9bdfabe68543/go.mod h1:I/5z698sn9Ka8TeJc9MKroUUfqBBauWjQqLJ2OPfmY0=
golang.org/x/xerrors v0.0.0-20200804184101-5ec99f83aff1 h1:go1bK/D/BFZV2I8cIQd1NKEZ+0owSTG1fDTci4IqFcE=
golang.org/x/xerrors v0.0.0-20200804184101-5ec99f83aff1/go.mod h1:I/5z698sn9Ka8TeJc9MKroUUfqBBauWjQqLJ2OPfmY0=
